
Microsoft Visual Studio Solution File, Format Version 12.00
# Visual Studio Version 16
VisualStudioVersion = 16.0.29613.14
MinimumVisualStudioVersion = 10.0.40219.1
Project("{FAE04EC0-301F-11D3-BF4B-00C04F79EFBC}") = "Encap", "Encap\Encap.csproj", "{EB707961-6828-4DF5-A9DF-BE18C834E733}"
EndProject
Global
	GlobalSection(SolutionConfigurationPlatforms) = preSolution
		Debug|Any CPU = Debug|Any CPU
		Debug|x64 = Debug|x64
		Debug|x86 = Debug|x86
		Release|Any CPU = Release|Any CPU
		Release|x64 = Release|x64
		Release|x86 = Release|x86
	EndGlobalSection
	GlobalSection(ProjectConfigurationPlatforms) = postSolution
		{EB707961-6828-4DF5-A9DF-BE18C834E733}.Debug|Any CPU.ActiveCfg = Debug|Any CPU
		{EB707961-6828-4DF5-A9DF-BE18C834E733}.Debug|Any CPU.Build.0 = Debug|Any CPU
		{EB707961-6828-4DF5-A9DF-BE18C834E733}.Debug|x64.ActiveCfg = Debug|Any CPU
		{EB707961-6828-4DF5-A9DF-BE18C834E733}.Debug|x64.Build.0 = Debug|Any CPU
		{EB707961-6828-4DF5-A9DF-BE18C834E733}.Debug|x86.ActiveCfg = Debug|Any CPU
		{EB707961-6828-4DF5-A9DF-BE18C834E733}.Debug|x86.Build.0 = Debug|Any CPU
		{EB707961-6828-4DF5-A9DF-BE18C834E733}.Release|Any CPU.ActiveCfg = Release|Any CPU
		{EB707961-6828-4DF5-A9DF-BE18C834E733}.Release|Any CPU.Build.0 = Release|Any CPU
		{EB707961-6828-4DF5-A9DF-BE18C834E733}.Release|x64.ActiveCfg = Release|Any CPU
		{EB707961-6828-4DF5-A9DF-BE18C834E733}.Release|x64.Build.0 = Release|Any CPU
		{EB707961-6828-4DF5-A9DF-BE18C834E733}.Release|x86.ActiveCfg = Release|Any CPU
		{EB707961-6828-4DF5-A9DF-BE18C834E733}.Release|x86.Build.0 = Release|Any CPU
	EndGlobalSection
	GlobalSection(SolutionProperties) = preSolution
		HideSolutionNode = FALSE
	EndGlobalSection
	GlobalSection(ExtensibilityGlobals) = postSolution
		SolutionGuid = {90B7A280-2634-444C-A7C8-8474D5A551A8}
	EndGlobalSection
EndGlobal
